{
    "_readme": [
        "This file locks the dependencies of your project to a known state",
        "Read more about it at http://getcomposer.org/doc/01-basic-usage.md#composer-lock-the-lock-file"
    ],
    "hash": "d1a76b5ceb292ee8b7333461ef292696",
    "packages": [
        {
            "name": "balanced/balanced",
            "version": "0.7.4",
            "source": {
                "type": "git",
                "url": "https://github.com/balanced/balanced-php.git",
                "reference": "812fb96fbee8ae7a3a641e563ce000652f7191ea"
            },
            "dist": {
                "type": "zip",
                "url": "https://api.github.com/repos/balanced/balanced-php/zipball/812fb96fbee8ae7a3a641e563ce000652f7191ea",
                "reference": "812fb96fbee8ae7a3a641e563ce000652f7191ea",
                "shasum": ""
            },
            "require": {
                "bninja/restful": "*",
                "nategood/httpful": "0.2.3"
            },
            "require-dev": {
                "phpunit/phpunit": "3.7.*",
                "twig/twig": "1.*"
            },
            "type": "library",
            "autoload": {
                "psr-0": {
                    "Balanced": "src/"
                }
            },
            "notification-url": "https://packagist.org/downloads/",
            "license": [
                "MIT"
            ],
            "authors": [
                {
                    "name": "Balanced",
                    "email": "dev@balancedpayments.com",
                    "homepage": "http://www.balancedpayments.com"
                }
            ],
            "description": "Client for Balanced API",
            "homepage": "http://github.com/balanced/balanced-php",
            "keywords": [
                "api",
                "payments"
            ],
            "time": "2013-10-14 22:34:47"
        },
        {
            "name": "bninja/restful",
            "version": "0.1.7",
            "source": {
                "type": "git",
                "url": "https://github.com/bninja/restful.git",
                "reference": "6b367a1cfd16f233036630f06e293422300cdc23"
            },
            "dist": {
                "type": "zip",
                "url": "https://api.github.com/repos/bninja/restful/zipball/6b367a1cfd16f233036630f06e293422300cdc23",
                "reference": "6b367a1cfd16f233036630f06e293422300cdc23",
                "shasum": ""
            },
            "require": {
                "nategood/httpful": "*"
            },
            "type": "library",
            "autoload": {
                "psr-0": {
                    "RESTful": "src/"
                }
            },
            "notification-url": "https://packagist.org/downloads/",
            "license": [
                "MIT"
            ],
            "description": "Library for writing RESTful PHP clients.",
            "homepage": "http://github.com/bninja/restful",
            "keywords": [
                "api",
                "client",
                "http",
                "rest"
            ],
            "time": "2013-03-22 18:13:08"
        },
        {
            "name": "guzzle/guzzle",
            "version": "v3.7.4",
            "source": {
                "type": "git",
                "url": "https://github.com/guzzle/guzzle.git",
                "reference": "b170b028c6bb5799640e46c8803015b0f9a45ed9"
            },
            "dist": {
                "type": "zip",
                "url": "https://api.github.com/repos/guzzle/guzzle/zipball/b170b028c6bb5799640e46c8803015b0f9a45ed9",
                "reference": "b170b028c6bb5799640e46c8803015b0f9a45ed9",
                "shasum": ""
            },
            "require": {
                "ext-curl": "*",
                "php": ">=5.3.3",
                "symfony/event-dispatcher": ">=2.1"
            },
            "replace": {
                "guzzle/batch": "self.version",
                "guzzle/cache": "self.version",
                "guzzle/common": "self.version",
                "guzzle/http": "self.version",
                "guzzle/inflection": "self.version",
                "guzzle/iterator": "self.version",
                "guzzle/log": "self.version",
                "guzzle/parser": "self.version",
                "guzzle/plugin": "self.version",
                "guzzle/plugin-async": "self.version",
                "guzzle/plugin-backoff": "self.version",
                "guzzle/plugin-cache": "self.version",
                "guzzle/plugin-cookie": "self.version",
                "guzzle/plugin-curlauth": "self.version",
                "guzzle/plugin-error-response": "self.version",
                "guzzle/plugin-history": "self.version",
                "guzzle/plugin-log": "self.version",
                "guzzle/plugin-md5": "self.version",
                "guzzle/plugin-mock": "self.version",
                "guzzle/plugin-oauth": "self.version",
                "guzzle/service": "self.version",
                "guzzle/stream": "self.version"
            },
            "require-dev": {
                "doctrine/cache": "*",
                "monolog/monolog": "1.*",
                "phpunit/phpunit": "3.7.*",
                "psr/log": "1.0.*",
                "symfony/class-loader": "*",
                "zendframework/zend-cache": "2.0.*",
                "zendframework/zend-log": "2.0.*"
            },
            "type": "library",
            "extra": {
                "branch-alias": {
                    "dev-master": "3.7-dev"
                }
            },
            "autoload": {
                "psr-0": {
                    "Guzzle\\Tests": "tests/",
                    "Guzzle": "src/"
                }
            },
            "notification-url": "https://packagist.org/downloads/",
            "license": [
                "MIT"
            ],
            "authors": [
                {
                    "name": "Michael Dowling",
                    "email": "mtdowling@gmail.com",
                    "homepage": "https://github.com/mtdowling"
                },
                {
                    "name": "Guzzle Community",
                    "homepage": "https://github.com/guzzle/guzzle/contributors"
                }
            ],
            "description": "Guzzle is a PHP HTTP client library and framework for building RESTful web service clients",
            "homepage": "http://guzzlephp.org/",
            "keywords": [
                "client",
                "curl",
                "framework",
                "http",
                "http client",
                "rest",
                "web service"
            ],
            "time": "2013-10-02 20:47:00"
        },
        {
            "name": "hipchat/hipchat-php",
            "version": "v1.2",
            "source": {
                "type": "git",
                "url": "https://github.com/hipchat/hipchat-php.git",
                "reference": "49e62eb4dbb651af2547795efd777e8eb737d755"
            },
            "dist": {
                "type": "zip",
                "url": "https://api.github.com/repos/hipchat/hipchat-php/zipball/49e62eb4dbb651af2547795efd777e8eb737d755",
                "reference": "49e62eb4dbb651af2547795efd777e8eb737d755",
                "shasum": ""
            },
            "require": {
                "php": ">=5.3.0"
            },
            "type": "library",
            "autoload": {
                "psr-0": {
                    "HipChat": "src"
                }
            },
            "notification-url": "https://packagist.org/downloads/",
            "license": [
                "MIT"
            ],
            "authors": [
                {
                    "name": "HipChat",
                    "email": "support@hipchat.com",
                    "homepage": "https://www.hipchat.com",
                    "role": "Company"
                }
            ],
            "description": "PHP library for HipChat",
            "homepage": "http://github.com/hipchat/hipchat-php",
            "keywords": [
                "hipchat"
            ],
            "time": "2012-11-30 16:47:14"
        },
        {
            "name": "mailgun/mailgun-php",
            "version": "1.4",
            "source": {
                "type": "git",
                "url": "https://github.com/mailgun/mailgun-php.git",
                "reference": "5d7daeeeca1108e9cd10a8a94e029026266c7397"
            },
            "dist": {
                "type": "zip",
                "url": "https://api.github.com/repos/mailgun/mailgun-php/zipball/5d7daeeeca1108e9cd10a8a94e029026266c7397",
                "reference": "5d7daeeeca1108e9cd10a8a94e029026266c7397",
                "shasum": ""
            },
            "require": {
                "guzzle/guzzle": "3.7.*"
            },
            "require-dev": {
                "phpunit/phpunit": "3.7.*"
            },
            "type": "library",
            "autoload": {
                "psr-0": {
                    "Mailgun\\Tests": "tests/",
                    "Mailgun": "src/"
                }
            },
            "notification-url": "https://packagist.org/downloads/",
            "license": [
                "MIT"
            ],
            "authors": [
                {
                    "name": "Travis Swientek",
                    "email": "travis@mailgunhq.com"
                }
            ],
            "description": "The Mailgun SDK provides methods for all API functions.",
            "time": "2013-10-12 00:31:04"
        },
        {
            "name": "mobiledetect/mobiledetectlib",
            "version": "2.7.2",
            "source": {
                "type": "git",
                "url": "https://github.com/serbanghita/Mobile-Detect.git",
                "reference": "1d709b8f24c1ab8d991e7bb8730cafb0de020641"
            },
            "dist": {
                "type": "zip",
                "url": "https://api.github.com/repos/serbanghita/Mobile-Detect/zipball/1d709b8f24c1ab8d991e7bb8730cafb0de020641",
                "reference": "1d709b8f24c1ab8d991e7bb8730cafb0de020641",
                "shasum": ""
            },
            "require": {
                "php": ">=5.0.0"
            },
            "require-dev": {
                "phpunit/phpunit": "*"
            },
            "type": "library",
            "autoload": {
                "classmap": [
                    "Mobile_Detect.php"
                ],
                "psr-0": {
                    "Detection": "namespaced/"
                }
            },
            "notification-url": "https://packagist.org/downloads/",
            "license": [
                "MIT"
            ],
            "authors": [
                {
                    "name": "Serban Ghita",
                    "email": "serbanghita@gmail.com",
                    "homepage": "http://mobiledetect.net",
                    "role": "Developer"
                }
            ],
            "description": "Mobile_Detect is a lightweight PHP class for detecting mobile devices. It uses the User-Agent string combined with specific HTTP headers to detect the mobile environment.",
            "homepage": "https://github.com/serbanghita/Mobile-Detect",
            "keywords": [
                "detect mobile devices",
                "mobile",
                "mobile detect",
                "mobile detector",
                "php mobile detect"
            ],
            "time": "2013-11-01 19:39:17"
        },
        {
            "name": "nategood/httpful",
            "version": "0.2.3",
            "source": {
                "type": "git",
                "url": "https://github.com/nategood/httpful.git",
                "reference": "28c196a019a659bd129a84c08c28e9ae9e22bb42"
            },
            "dist": {
                "type": "zip",
                "url": "https://api.github.com/repos/nategood/httpful/zipball/28c196a019a659bd129a84c08c28e9ae9e22bb42",
                "reference": "28c196a019a659bd129a84c08c28e9ae9e22bb42",
                "shasum": ""
            },
            "require": {
                "ext-curl": "*",
                "php": ">=5.3"
            },
            "type": "library",
            "autoload": {
                "psr-0": {
                    "Httpful": "src/"
                }
            },
            "notification-url": "https://packagist.org/downloads/",
            "license": [
                "MIT"
            ],
            "authors": [
                {
                    "name": "Nate Good",
                    "email": "me@nategood.com",
                    "homepage": "http://nategood.com"
                }
            ],
            "description": "A Readable, Chainable, REST friendly, PHP HTTP Client",
            "homepage": "http://github.com/nategood/httpful",
            "keywords": [
                "api",
                "curl",
                "http",
                "requests",
                "rest",
                "restful"
            ],
            "time": "2013-03-05 04:08:29"
        },
        {
            "name": "slim/slim",
            "version": "2.3.5",
            "source": {
                "type": "git",
                "url": "https://github.com/codeguy/Slim.git",
                "reference": "3dec4f9ee2e9c204a9f334afd72abc174c1b792e"
            },
            "dist": {
                "type": "zip",
                "url": "https://api.github.com/repos/codeguy/Slim/zipball/3dec4f9ee2e9c204a9f334afd72abc174c1b792e",
                "reference": "3dec4f9ee2e9c204a9f334afd72abc174c1b792e",
                "shasum": ""
            },
            "require": {
                "ext-mcrypt": "*",
                "php": ">=5.3.0"
            },
            "type": "library",
            "autoload": {
                "psr-0": {
                    "Slim": "."
                }
            },
            "notification-url": "https://packagist.org/downloads/",
            "license": [
                "MIT"
            ],
            "authors": [
                {
                    "name": "Josh Lockhart",
                    "email": "info@joshlockhart.com",
                    "homepage": "http://www.joshlockhart.com/"
                }
            ],
            "description": "Slim Framework, a PHP micro framework",
            "homepage": "http://github.com/codeguy/Slim",
            "keywords": [
                "microframework",
                "rest",
                "router"
            ],
            "time": "2013-10-31 02:05:09"
        },
        {
            "name": "symfony/event-dispatcher",
            "version": "v2.3.6",
            "target-dir": "Symfony/Component/EventDispatcher",
            "source": {
                "type": "git",
                "url": "https://github.com/symfony/EventDispatcher.git",
                "reference": "7fc72a7a346a1887d3968cc1ce5642a15cd182e9"
            },
            "dist": {
                "type": "zip",
                "url": "https://api.github.com/repos/symfony/EventDispatcher/zipball/7fc72a7a346a1887d3968cc1ce5642a15cd182e9",
                "reference": "7fc72a7a346a1887d3968cc1ce5642a15cd182e9",
                "shasum": ""
            },
            "require": {
                "php": ">=5.3.3"
            },
            "require-dev": {
                "symfony/dependency-injection": "~2.0"
            },
            "suggest": {
                "symfony/dependency-injection": "",
                "symfony/http-kernel": ""
            },
            "type": "library",
            "extra": {
                "branch-alias": {
                    "dev-master": "2.3-dev"
                }
            },
            "autoload": {
                "psr-0": {
                    "Symfony\\Component\\EventDispatcher\\": ""
                }
            },
            "notification-url": "https://packagist.org/downloads/",
            "license": [
                "MIT"
            ],
            "authors": [
                {
                    "name": "Fabien Potencier",
                    "email": "fabien@symfony.com"
                },
                {
                    "name": "Symfony Community",
                    "homepage": "http://symfony.com/contributors"
                }
            ],
            "description": "Symfony EventDispatcher Component",
            "homepage": "http://symfony.com",
            "time": "2013-09-19 09:45:20"
        }
    ],
    "packages-dev": [

    ],
    "aliases": [

    ],
    "minimum-stability": "stable",
    "stability-flags": [

    ],
    "platform": [

    ],
    "platform-dev": [

    ]
}
